
Microsoft Visual Studio Solution File, Format Version 12.00
# Visual Studio Version 16
VisualStudioVersion = 16.0.29609.76
MinimumVisualStudioVersion = 10.0.40219.1
Project("{FAE04EC0-301F-11D3-BF4B-00C04F79EFBC}") = "SharePointLoader", "SharePointLoader\SharePointLoader.csproj", "{4B96A764-53AF-4D71-B6A7-F86F2E33FFD5}"
EndProject
Project("{FAE04EC0-301F-11D3-BF4B-00C04F79EFBC}") = "ExcelConverter", "ExcelConverter\ExcelConverter.csproj", "{41B50BD7-AA75-4945-949A-C94A87A77F4A}"
EndProject
Global
	GlobalSection(SolutionConfigurationPlatforms) = preSolution
		Debug|Any CPU = Debug|Any CPU
		Release|Any CPU = Release|Any CPU
	EndGlobalSection
	GlobalSection(ProjectConfigurationPlatforms) = postSolution
		{4B96A764-53AF-4D71-B6A7-F86F2E33FFD5}.Debug|Any CPU.ActiveCfg = Debug|Any CPU
		{4B96A764-53AF-4D71-B6A7-F86F2E33FFD5}.Debug|Any CPU.Build.0 = Debug|Any CPU
		{4B96A764-53AF-4D71-B6A7-F86F2E33FFD5}.Release|Any CPU.ActiveCfg = Release|Any CPU
		{4B96A764-53AF-4D71-B6A7-F86F2E33FFD5}.Release|Any CPU.Build.0 = Release|Any CPU
		{41B50BD7-AA75-4945-949A-C94A87A77F4A}.Debug|Any CPU.ActiveCfg = Debug|Any CPU
		{41B50BD7-AA75-4945-949A-C94A87A77F4A}.Debug|Any CPU.Build.0 = Debug|Any CPU
		{41B50BD7-AA75-4945-949A-C94A87A77F4A}.Release|Any CPU.ActiveCfg = Release|Any CPU
		{41B50BD7-AA75-4945-949A-C94A87A77F4A}.Release|Any CPU.Build.0 = Release|Any CPU
	EndGlobalSection
	GlobalSection(SolutionProperties) = preSolution
		HideSolutionNode = FALSE
	EndGlobalSection
	GlobalSection(ExtensibilityGlobals) = postSolution
		SolutionGuid = {8FB8AEE8-A6A3-445D-8BD4-6ECC16270BBA}
	EndGlobalSection
EndGlobal
